// !$*UTF8*$!
{
	archiveVersion = 1;
	classes = {
	};
	objectVersion = 50;
	objects = {

/* Begin PBXBuildFile section */
		CA11FDD521EF83510033DB31 /* AppDelegate.swift in Sources */ = {isa = PBXBuildFile; fileRef = CA11FDD421EF83510033DB31 /* AppDelegate.swift */; };
		CA11FDDA21EF83510033DB31 /* Main.storyboard in Resources */ = {isa = PBXBuildFile; fileRef = CA11FDD821EF83510033DB31 /* Main.storyboard */; };
		CA11FDDC21EF83520033DB31 /* Assets.xcassets in Resources */ = {isa = PBXBuildFile; fileRef = CA11FDDB21EF83520033DB31 /* Assets.xcassets */; };
		CA11FDDF21EF83520033DB31 /* LaunchScreen.storyboard in Resources */ = {isa = PBXBuildFile; fileRef = CA11FDDD21EF83520033DB31 /* LaunchScreen.storyboard */; };
		CA11FDE921EF85110033DB31 /* Homework.swift in Sources */ = {isa = PBXBuildFile; fileRef = CA11FDE821EF85110033DB31 /* Homework.swift */; };
		CA11FDEB21EF86AC0033DB31 /* DayDue.swift in Sources */ = {isa = PBXBuildFile; fileRef = CA11FDEA21EF86AC0033DB31 /* DayDue.swift */; };
		CA11FDED21EF8CF70033DB31 /* HomeworkTableViewController2.swift in Sources */ = {isa = PBXBuildFile; fileRef = CA11FDEC21EF8CF70033DB31 /* HomeworkTableViewController2.swift */; };
/* End PBXBuildFile section */

/* Begin PBXFileReference section */
		CA11FDD121EF83510033DB31 /* HomeworkAgenda.app */ = {isa = PBXFileReference; explicitFileType = wrapper.application; includeInIndex = 0; path = HomeworkAgenda.app; sourceTree = BUILT_PRODUCTS_DIR; };
		CA11FDD421EF83510033DB31 /* AppDelegate.swift */ = {isa = PBXFileReference; lastKnownFileType = sourcecode.swift; path = AppDelegate.swift; sourceTree = "<group>"; };
		CA11FDD921EF83510033DB31 /* Base */ = {isa = PBXFileReference; lastKnownFileType = file.storyboard; name = Base; path = Base.lproj/Main.storyboard; sourceTree = "<group>"; };
		CA11FDDB21EF83520033DB31 /* Assets.xcassets */ = {isa = PBXFileReference; lastKnownFileType = folder.assetcatalog; path = Assets.xcassets; sourceTree = "<group>"; };
		CA11FDDE21EF83520033DB31 /* Base */ = {isa = PBXFileReference; lastKnownFileType = file.storyboard; name = Base; path = Base.lproj/LaunchScreen.storyboard; sourceTree = "<group>"; };
		CA11FDE021EF83520033DB31 /* Info.plist */ = {isa = PBXFileReference; lastKnownFileType = text.plist.xml; path = Info.plist; sourceTree = "<group>"; };
		CA11FDE821EF85110033DB31 /* Homework.swift */ = {isa = PBXFileReference; lastKnownFileType = sourcecode.swift; path = Homework.swift; sourceTree = "<group>"; };
		CA11FDEA21EF86AC0033DB31 /* DayDue.swift */ = {isa = PBXFileReference; lastKnownFileType = sourcecode.swift; path = DayDue.swift; sourceTree = "<group>"; };
		CA11FDEC21EF8CF70033DB31 /* HomeworkTableViewController2.swift */ = {isa = PBXFileReference; lastKnownFileType = sourcecode.swift; path = HomeworkTableViewController2.swift; sourceTree = "<group>"; };
/* End PBXFileReference section */

/* Begin PBXFrameworksBuildPhase section */
		CA11FDCE21EF83510033DB31 /* Frameworks */ = {
			isa = PBXFrameworksBuildPhase;
			buildActionMask = 2147483647;
			files = (
			);
			runOnlyForDeploymentPostprocessing = 0;
		};
/* End PBXFrameworksBuildPhase section */

/* Begin PBXGroup section */
		CA11FDC821EF83510033DB31 = {
			isa = PBXGroup;
			children = (
				CA11FDD321EF83510033DB31 /* HomeworkAgenda */,
				CA11FDD221EF83510033DB31 /* Products */,
			);
			sourceTree = "<group>";
		};
		CA11FDD221EF83510033DB31 /* Products */ = {
			isa = PBXGroup;
			children = (
				CA11FDD121EF83510033DB31 /* HomeworkAgenda.app */,
			);
			name = Products;
			sourceTree = "<group>";
		};
		CA11FDD321EF83510033DB31 /* HomeworkAgenda */ = {
			isa = PBXGroup;
			children = (
				CA11FDD421EF83510033DB31 /* AppDelegate.swift */,
				CA11FDD821EF83510033DB31 /* Main.storyboard */,
				CA11FDEC21EF8CF70033DB31 /* HomeworkTableViewController2.swift */,
				CA11FDEA21EF86AC0033DB31 /* DayDue.swift */,
				CA11FDE821EF85110033DB31 /* Homework.swift */,
				CA11FDDB21EF83520033DB31 /* Assets.xcassets */,
				CA11FDDD21EF83520033DB31 /* LaunchScreen.storyboard */,
				CA11FDE021EF83520033DB31 /* Info.plist */,
			);
			path = HomeworkAgenda;
			sourceTree = "<group>";
		};
/* End PBXGroup section */

/* Begin PBXNativeTarget section */
		CA11FDD021EF83510033DB31 /* HomeworkAgenda */ = {
			isa = PBXNativeTarget;
			buildConfigurationList = CA11FDE321EF83520033DB31 /* Build configuration list for PBXNativeTarget "HomeworkAgenda" */;
			buildPhases = (
				CA11FDCD21EF83510033DB31 /* Sources */,
				CA11FDCE21EF83510033DB31 /* Frameworks */,
				CA11FDCF21EF83510033DB31 /* Resources */,
			);
			buildRules = (
			);
			dependencies = (
			);
			name = HomeworkAgenda;
			productName = HomeworkAgenda;
			productReference = CA11FDD121EF83510033DB31 /* HomeworkAgenda.app */;
			productType = "com.apple.product-type.application";
		};
/* End PBXNativeTarget section */

/* Begin PBXProject section */
		CA11FDC921EF83510033DB31 /* Project object */ = {
			isa = PBXProject;
			attributes = {
				LastSwiftUpdateCheck = 1010;
				LastUpgradeCheck = 1010;
				ORGANIZATIONNAME = Maia;
				TargetAttributes = {
					CA11FDD021EF83510033DB31 = {
						CreatedOnToolsVersion = 10.1;
					};
				};
			};
			buildConfigurationList = CA11FDCC21EF83510033DB31 /* Build configuration list for PBXProject "HomeworkAgenda" */;
			compatibilityVersion = "Xcode 9.3";
			developmentRegion = en;
			hasScannedForEncodings = 0;
			knownRegions = (
				en,
				Base,
			);
			mainGroup = CA11FDC821EF83510033DB31;
			productRefGroup = CA11FDD221EF83510033DB31 /* Products */;
			projectDirPath = "";
			projectRoot = "";
			targets = (
				CA11FDD021EF83510033DB31 /* HomeworkAgenda */,
			);
		};
/* End PBXProject section */

/* Begin PBXResourcesBuildPhase section */
		CA11FDCF21EF83510033DB31 /* Resources */ = {
			isa = PBXResourcesBuildPhase;
			buildActionMask = 2147483647;
			files = (
				CA11FDDF21EF83520033DB31 /* LaunchScreen.storyboard in Resources */,
				CA11FDDC21EF83520033DB31 /* Assets.xcassets in Resources */,
				CA11FDDA21EF83510033DB31 /* Main.storyboard in Resources */,
			);
			runOnlyForDeploymentPostprocessing = 0;
		};
/* End PBXResourcesBuildPhase section */

/* Begin PBXSourcesBuildPhase section */
		CA11FDCD21EF83510033DB31 /* Sources */ = {
			isa = PBXSourcesBuildPhase;
			buildActionMask = 2147483647;
			files = (
				CA11FDED21EF8CF70033DB31 /* HomeworkTableViewController2.swift in Sources */,
				CA11FDE921EF85110033DB31 /* Homework.swift in Sources */,
				CA11FDD521EF83510033DB31 /* AppDelegate.swift in Sources */,
				CA11FDEB21EF86AC0033DB31 /* DayDue.swift in Sources */,
			);
			runOnlyForDeploymentPostprocessing = 0;
		};
/* End PBXSourcesBuildPhase section */

/* Begin PBXVariantGroup section */
		CA11FDD821EF83510033DB31 /* Main.storyboard */ = {
			isa = PBXVariantGroup;
			children = (
				CA11FDD921EF83510033DB31 /* Base */,
			);
			name = Main.storyboard;
			sourceTree = "<group>";
		};
		CA11FDDD21EF83520033DB31 /* LaunchScreen.storyboard */ = {
			isa = PBXVariantGroup;
			children = (
				CA11FDDE21EF83520033DB31 /* Base */,
			);
			name = LaunchScreen.storyboard;
			sourceTree = "<group>";
		};
/* End PBXVariantGroup section */

/* Begin XCBuildConfiguration section */
		CA11FDE121EF83520033DB31 /* Debug */ = {
			isa = XCBuildConfiguration;
			buildSettings = {
				ALWAYS_SEARCH_USER_PATHS = NO;
				CLANG_ANALYZER_NONNULL = YES;
				CLANG_ANALYZER_NUMBER_OBJECT_CONVERSION = YES_AGGRESSIVE;
				CLANG_CXX_LANGUAGE_STANDARD = "gnu++14";
				CLANG_CXX_LIBRARY = "libc++";
				CLANG_ENABLE_MODULES = YES;
				CLANG_ENABLE_OBJC_ARC = YES;
				CLANG_ENABLE_OBJC_WEAK = YES;
				CLANG_WARN_BLOCK_CAPTURE_AUTORELEASING = YES;
				CLANG_WARN_BOOL_CONVERSION = YES;
				CLANG_WARN_COMMA = YES;
				CLANG_WARN_CONSTANT_CONVERSION = YES;
				CLANG_WARN_DEPRECATED_OBJC_IMPLEMENTATIONS = YES;
				CLANG_WARN_DIRECT_OBJC_ISA_USAGE = YES_ERROR;
				CLANG_WARN_DOCUMENTATION_COMMENTS = YES;
				CLANG_WARN_EMPTY_BODY = YES;
				CLANG_WARN_ENUM_CONVERSION = YES;
				CLANG_WARN_INFINITE_RECURSION = YES;
				CLANG_WARN_INT_CONVERSION = YES;
				CLANG_WARN_NON_LITERAL_NULL_CONVERSION = YES;
				CLANG_WARN_OBJC_IMPLICIT_RETAIN_SELF = YES;
				CLANG_WARN_OBJC_LITERAL_CONVERSION = YES;
				CLANG_WARN_OBJC_ROOT_CLASS = YES_ERROR;
				CLANG_WARN_RANGE_LOOP_ANALYSIS = YES;
				CLANG_WARN_STRICT_PROTOTYPES = YES;
				CLANG_WARN_SUSPICIOUS_MOVE = YES;
				CLANG_WARN_UNGUARDED_AVAILABILITY = YES_AGGRESSIVE;
				CLANG_WARN_UNREACHABLE_CODE = YES;
				CLANG_WARN__DUPLICATE_METHOD_MATCH = YES;
				CODE_SIGN_IDENTITY = "iPhone Developer";
				COPY_PHASE_STRIP = NO;
				DEBUG_INFORMATION_FORMAT = dwarf;
				ENABLE_STRICT_OBJC_MSGSEND = YES;
				ENABLE_TESTABILITY = YES;
				GCC_C_LANGUAGE_STANDARD = gnu11;
				GCC_DYNAMIC_NO_PIC = NO;
				GCC_NO_COMMON_BLOCKS = YES;
				GCC_OPTIMIZATION_LEVEL = 0;
				GCC_PREPROCESSOR_DEFINITIONS = (
					"DEBUG=1",
					"$(inherited)",
				);
				GCC_WARN_64_TO_32_BIT_CONVERSION = YES;
				GCC_WARN_ABOUT_RETURN_TYPE = YES_ERROR;
				GCC_WARN_UNDECLARED_SELECTOR = YES;
				GCC_WARN_UNINITIALIZED_AUTOS = YES_AGGRESSIVE;
				GCC_WARN_UNUSED_FUNCTION = YES;
				GCC_WARN_UNUSED_VARIABLE = YES;
				IPHONEOS_DEPLOYMENT_TARGET = 12.1;
				MTL_ENABLE_DEBUG_INFO = INCLUDE_SOURCE;
				MTL_FAST_MATH = YES;
				ONLY_ACTIVE_ARCH = YES;
				SDKROOT = iphoneos;
				SWIFT_ACTIVE_COMPILATION_CONDITIONS = DEBUG;
				SWIFT_OPTIMIZATION_LEVEL = "-Onone";
			};
			name = Debug;
		};
		CA11FDE221EF83520033DB31 /* Release */ = {
			isa = XCBuildConfiguration;
			buildSettings = {
				ALWAYS_SEARCH_USER_PATHS = NO;
				CLANG_ANALYZER_NONNULL = YES;
				CLANG_ANALYZER_NUMBER_OBJECT_CONVERSION = YES_AGGRESSIVE;
				CLANG_CXX_LANGUAGE_STANDARD = "gnu++14";
				CLANG_CXX_LIBRARY = "libc++";
				CLANG_ENABLE_MODULES = YES;
				CLANG_ENABLE_OBJC_ARC = YES;
				CLANG_ENABLE_OBJC_WEAK = YES;
				CLANG_WARN_BLOCK_CAPTURE_AUTORELEASING = YES;
				CLANG_WARN_BOOL_CONVERSION = YES;
				CLANG_WARN_COMMA = YES;
				CLANG_WARN_CONSTANT_CONVERSION = YES;
				CLANG_WARN_DEPRECATED_OBJC_IMPLEMENTATIONS = YES;
				CLANG_WARN_DIRECT_OBJC_ISA_USAGE = YES_ERROR;
				CLANG_WARN_DOCUMENTATION_COMMENTS = YES;
				CLANG_WARN_EMPTY_BODY = YES;
				CLANG_WARN_ENUM_CONVERSION = YES;
				CLANG_WARN_INFINITE_RECURSION = YES;
				CLANG_WARN_INT_CONVERSION = YES;
				CLANG_WARN_NON_LITERAL_NULL_CONVERSION = YES;
				CLANG_WARN_OBJC_IMPLICIT_RETAIN_SELF = YES;
				CLANG_WARN_OBJC_LITERAL_CONVERSION = YES;
				CLANG_WARN_OBJC_ROOT_CLASS = YES_ERROR;
				CLANG_WARN_RANGE_LOOP_ANALYSIS = YES;
				CLANG_WARN_STRICT_PROTOTYPES = YES;
				CLANG_WARN_SUSPICIOUS_MOVE = YES;
				CLANG_WARN_UNGUARDED_AVAILABILITY = YES_AGGRESSIVE;
				CLANG_WARN_UNREACHABLE_CODE = YES;
				CLANG_WARN__DUPLICATE_METHOD_MATCH = YES;
				CODE_SIGN_IDENTITY = "iPhone Developer";
				COPY_PHASE_STRIP = NO;
				DEBUG_INFORMATION_FORMAT = "dwarf-with-dsym";
				ENABLE_NS_ASSERTIONS = NO;
				ENABLE_STRICT_OBJC_MSGSEND = YES;
				GCC_C_LANGUAGE_STANDARD = gnu11;
				GCC_NO_COMMON_BLOCKS = YES;
				GCC_WARN_64_TO_32_BIT_CONVERSION = YES;
				GCC_WARN_ABOUT_RETURN_TYPE = YES_ERROR;
				GCC_WARN_UNDECLARED_SELECTOR = YES;
				GCC_WARN_UNINITIALIZED_AUTOS = YES_AGGRESSIVE;
				GCC_WARN_UNUSED_FUNCTION = YES;
				GCC_WARN_UNUSED_VARIABLE = YES;
				IPHONEOS_DEPLOYMENT_TARGET = 12.1;
				MTL_ENABLE_DEBUG_INFO = NO;
				MTL_FAST_MATH = YES;
				SDKROOT = iphoneos;
				SWIFT_COMPILATION_MODE = wholemodule;
				SWIFT_OPTIMIZATION_LEVEL = "-O";
				VALIDATE_PRODUCT = YES;
			};
			name = Release;
		};
		CA11FDE421EF83520033DB31 /* Debug */ = {
			isa = XCBuildConfiguration;
			buildSettings = {
				ASSETCATALOG_COMPILER_APPICON_NAME = AppIcon;
				CODE_SIGN_STYLE = Automatic;
				DEVELOPMENT_TEAM = V2N85N5N5L;
				INFOPLIST_FILE = HomeworkAgenda/Info.plist;
				LD_RUNPATH_SEARCH_PATHS = (
					"$(inherited)",
					"@executable_path/Frameworks",
				);
				PRODUCT_BUNDLE_IDENTIFIER = com.example.HomeworkAgenda;
				PRODUCT_NAME = "$(TARGET_NAME)";
				SWIFT_VERSION = 4.2;
				TARGETED_DEVICE_FAMILY = "1,2";
			};
			name = Debug;
		};
		CA11FDE521EF83520033DB31 /* Release */ = {
			isa = XCBuildConfiguration;
			buildSettings = {
				ASSETCATALOG_COMPILER_APPICON_NAME = AppIcon;
				CODE_SIGN_STYLE = Automatic;
				DEVELOPMENT_TEAM = V2N85N5N5L;
				INFOPLIST_FILE = HomeworkAgenda/Info.plist;
				LD_RUNPATH_SEARCH_PATHS = (
					"$(inherited)",
					"@executable_path/Frameworks",
				);
				PRODUCT_BUNDLE_IDENTIFIER = com.example.HomeworkAgenda;
				PRODUCT_NAME = "$(TARGET_NAME)";
				SWIFT_VERSION = 4.2;
				TARGETED_DEVICE_FAMILY = "1,2";
			};
			name = Release;
		};
/* End XCBuildConfiguration section */

/* Begin XCConfigurationList section */
		CA11FDCC21EF83510033DB31 /* Build configuration list for PBXProject "HomeworkAgenda" */ = {
			isa = XCConfigurationList;
			buildConfigurations = (
				CA11FDE121EF83520033DB31 /* Debug */,
				CA11FDE221EF83520033DB31 /* Release */,
			);
			defaultConfigurationIsVisible = 0;
			defaultConfigurationName = Release;
		};
		CA11FDE321EF83520033DB31 /* Build configuration list for PBXNativeTarget "HomeworkAgenda" */ = {
			isa = XCConfigurationList;
			buildConfigurations = (
				CA11FDE421EF83520033DB31 /* Debug */,
				CA11FDE521EF83520033DB31 /* Release */,
			);
			defaultConfigurationIsVisible = 0;
			defaultConfigurationName = Release;
		};
/* End XCConfigurationList section */
	};
	rootObject = CA11FDC921EF83510033DB31 /* Project object */;
}
